
Microsoft Visual Studio Solution File, Format Version 12.00
# Visual Studio Version 16
VisualStudioVersion = 16.0.29806.167
MinimumVisualStudioVersion = 10.0.40219.1
Project("{FAE04EC0-301F-11D3-BF4B-00C04F79EFBC}") = "BTKeThua_LeNgocSon_2033180055", "BTKeThua_LeNgocSon_2033180055\BTKeThua_LeNgocSon_2033180055.csproj", "{F4A2FC8D-FF33-4C3D-8CC7-FB85D7CF37A6}"
EndProject
Project("{2150E333-8FDC-42A3-9474-1A3956D46DE8}") = "Solution Items", "Solution Items", "{96ED9802-976A-4015-8BCC-6A50D1952A64}"
	ProjectSection(SolutionItems) = preProject
		README.md = README.md
	EndProjectSection
EndProject
Global
	GlobalSection(SolutionConfigurationPlatforms) = preSolution
		Debug|Any CPU = Debug|Any CPU
		Release|Any CPU = Release|Any CPU
	EndGlobalSection
	GlobalSection(ProjectConfigurationPlatforms) = postSolution
		{F4A2FC8D-FF33-4C3D-8CC7-FB85D7CF37A6}.Debug|Any CPU.ActiveCfg = Debug|Any CPU
		{F4A2FC8D-FF33-4C3D-8CC7-FB85D7CF37A6}.Debug|Any CPU.Build.0 = Debug|Any CPU
		{F4A2FC8D-FF33-4C3D-8CC7-FB85D7CF37A6}.Release|Any CPU.ActiveCfg = Release|Any CPU
		{F4A2FC8D-FF33-4C3D-8CC7-FB85D7CF37A6}.Release|Any CPU.Build.0 = Release|Any CPU
	EndGlobalSection
	GlobalSection(SolutionProperties) = preSolution
		HideSolutionNode = FALSE
	EndGlobalSection
	GlobalSection(ExtensibilityGlobals) = postSolution
		SolutionGuid = {A56D11EE-B270-4128-950D-C79B6BF89FCD}
	EndGlobalSection
EndGlobal
